
Microsoft Visual Studio Solution File, Format Version 12.00
# Visual Studio Version 17
VisualStudioVersion = 17.14.36301.6 d17.14
MinimumVisualStudioVersion = 10.0.40219.1
Project("{FAE04EC0-301F-11D3-BF4B-00C04F79EFBC}") = "TimekeeperApp", "TimekeeperApp.csproj", "{F760E3EA-539A-44C0-B900-E57E76509029}"
EndProject
Global
	GlobalSection(SolutionConfigurationPlatforms) = preSolution
		Debug|Any CPU = Debug|Any CPU
		Release|Any CPU = Release|Any CPU
	EndGlobalSection
	GlobalSection(ProjectConfigurationPlatforms) = postSolution
		{F760E3EA-539A-44C0-B900-E57E76509029}.Debug|Any CPU.ActiveCfg = Debug|Any CPU
		{F760E3EA-539A-44C0-B900-E57E76509029}.Debug|Any CPU.Build.0 = Debug|Any CPU
		{F760E3EA-539A-44C0-B900-E57E76509029}.Release|Any CPU.ActiveCfg = Release|Any CPU
		{F760E3EA-539A-44C0-B900-E57E76509029}.Release|Any CPU.Build.0 = Release|Any CPU
	EndGlobalSection
	GlobalSection(SolutionProperties) = preSolution
		HideSolutionNode = FALSE
	EndGlobalSection
	GlobalSection(ExtensibilityGlobals) = postSolution
		SolutionGuid = {FFBB1BD4-9341-4B73-870B-0C23D67F3B10}
	EndGlobalSection
EndGlobal
